// !$*UTF8*$!
{
	archiveVersion = 1;
	classes = {
	};
	objectVersion = 56;
	objects = {

/* Begin PBXBuildFile section */
		0B5636D42B517CEF00DC47BF /* WineList.swift in Sources */ = {isa = PBXBuildFile; fileRef = 0B5636D32B517CEF00DC47BF /* WineList.swift */; };
		0B5636D62B519D1600DC47BF /* Wine.swift in Sources */ = {isa = PBXBuildFile; fileRef = 0B5636D52B519D1600DC47BF /* Wine.swift */; };
		0B5636DA2B51FCB400DC47BF /* WineDetails.swift in Sources */ = {isa = PBXBuildFile; fileRef = 0B5636D92B51FCB400DC47BF /* WineDetails.swift */; };
		0B5636DD2B54265E00DC47BF /* WineList2.swift in Sources */ = {isa = PBXBuildFile; fileRef = 0B5636DC2B54265E00DC47BF /* WineList2.swift */; };
		0B5C8D4F2B5C06EA00500739 /* FavorisView.swift in Sources */ = {isa = PBXBuildFile; fileRef = 0B5C8D4E2B5C06EA00500739 /* FavorisView.swift */; };
		0B5FDA212B56E67C00B81D73 /* WrappingStack in Frameworks */ = {isa = PBXBuildFile; productRef = 0B5FDA202B56E67C00B81D73 /* WrappingStack */; };
		0BAFB92B2B50ACFD00414AB7 /* WineEatingAppApp.swift in Sources */ = {isa = PBXBuildFile; fileRef = 0BAFB92A2B50ACFD00414AB7 /* WineEatingAppApp.swift */; };
		0BAFB92D2B50ACFD00414AB7 /* ContentView.swift in Sources */ = {isa = PBXBuildFile; fileRef = 0BAFB92C2B50ACFD00414AB7 /* ContentView.swift */; };
		0BAFB92F2B50ACFE00414AB7 /* Assets.xcassets in Resources */ = {isa = PBXBuildFile; fileRef = 0BAFB92E2B50ACFE00414AB7 /* Assets.xcassets */; };
		0BAFB9322B50ACFE00414AB7 /* Preview Assets.xcassets in Resources */ = {isa = PBXBuildFile; fileRef = 0BAFB9312B50ACFE00414AB7 /* Preview Assets.xcassets */; };
		0BAFB93C2B50B28800414AB7 /* home.swift in Sources */ = {isa = PBXBuildFile; fileRef = 0BAFB93B2B50B28800414AB7 /* home.swift */; };
		0BAFB93F2B50C74400414AB7 /* CardPlateType.swift in Sources */ = {isa = PBXBuildFile; fileRef = 0BAFB93E2B50C74400414AB7 /* CardPlateType.swift */; };
/* End PBXBuildFile section */

/* Begin PBXFileReference section */
		0B5636D32B517CEF00DC47BF /* WineList.swift */ = {isa = PBXFileReference; lastKnownFileType = sourcecode.swift; path = WineList.swift; sourceTree = "<group>"; };
		0B5636D52B519D1600DC47BF /* Wine.swift */ = {isa = PBXFileReference; lastKnownFileType = sourcecode.swift; path = Wine.swift; sourceTree = "<group>"; };
		0B5636D92B51FCB400DC47BF /* WineDetails.swift */ = {isa = PBXFileReference; lastKnownFileType = sourcecode.swift; path = WineDetails.swift; sourceTree = "<group>"; };
		0B5636DC2B54265E00DC47BF /* WineList2.swift */ = {isa = PBXFileReference; lastKnownFileType = sourcecode.swift; path = WineList2.swift; sourceTree = "<group>"; };
		0B5C8D4E2B5C06EA00500739 /* FavorisView.swift */ = {isa = PBXFileReference; lastKnownFileType = sourcecode.swift; path = FavorisView.swift; sourceTree = "<group>"; };
		0BAFB9272B50ACFD00414AB7 /* WineEatingApp.app */ = {isa = PBXFileReference; explicitFileType = wrapper.application; includeInIndex = 0; path = WineEatingApp.app; sourceTree = BUILT_PRODUCTS_DIR; };
		0BAFB92A2B50ACFD00414AB7 /* WineEatingAppApp.swift */ = {isa = PBXFileReference; lastKnownFileType = sourcecode.swift; path = WineEatingAppApp.swift; sourceTree = "<group>"; };
		0BAFB92C2B50ACFD00414AB7 /* ContentView.swift */ = {isa = PBXFileReference; lastKnownFileType = sourcecode.swift; path = ContentView.swift; sourceTree = "<group>"; };
		0BAFB92E2B50ACFE00414AB7 /* Assets.xcassets */ = {isa = PBXFileReference; lastKnownFileType = folder.assetcatalog; path = Assets.xcassets; sourceTree = "<group>"; };
		0BAFB9312B50ACFE00414AB7 /* Preview Assets.xcassets */ = {isa = PBXFileReference; lastKnownFileType = folder.assetcatalog; path = "Preview Assets.xcassets"; sourceTree = "<group>"; };
		0BAFB93B2B50B28800414AB7 /* home.swift */ = {isa = PBXFileReference; lastKnownFileType = sourcecode.swift; path = home.swift; sourceTree = "<group>"; };
		0BAFB93E2B50C74400414AB7 /* CardPlateType.swift */ = {isa = PBXFileReference; lastKnownFileType = sourcecode.swift; path = CardPlateType.swift; sourceTree = "<group>"; };
/* End PBXFileReference section */

/* Begin PBXFrameworksBuildPhase section */
		0BAFB9242B50ACFD00414AB7 /* Frameworks */ = {
			isa = PBXFrameworksBuildPhase;
			buildActionMask = 2147483647;
			files = (
				0B5FDA212B56E67C00B81D73 /* WrappingStack in Frameworks */,
			);
			runOnlyForDeploymentPostprocessing = 0;
		};
/* End PBXFrameworksBuildPhase section */

/* Begin PBXGroup section */
		0B5636D22B517CD700DC47BF /* liste */ = {
			isa = PBXGroup;
			children = (
				0B5636D32B517CEF00DC47BF /* WineList.swift */,
				0B5636DC2B54265E00DC47BF /* WineList2.swift */,
			);
			path = liste;
			sourceTree = "<group>";
		};
		0B5636DB2B5206F700DC47BF /* detail */ = {
			isa = PBXGroup;
			children = (
				0B5636D92B51FCB400DC47BF /* WineDetails.swift */,
			);
			path = detail;
			sourceTree = "<group>";
		};
		0B5C8D4D2B5C06D200500739 /* favoris */ = {
			isa = PBXGroup;
			children = (
				0B5C8D4E2B5C06EA00500739 /* FavorisView.swift */,
			);
			path = favoris;
			sourceTree = "<group>";
		};
		0BAFB91E2B50ACFD00414AB7 = {
			isa = PBXGroup;
			children = (
				0BAFB9292B50ACFD00414AB7 /* WineEatingApp */,
				0BAFB9282B50ACFD00414AB7 /* Products */,
			);
			sourceTree = "<group>";
		};
		0BAFB9282B50ACFD00414AB7 /* Products */ = {
			isa = PBXGroup;
			children = (
				0BAFB9272B50ACFD00414AB7 /* WineEatingApp.app */,
			);
			name = Products;
			sourceTree = "<group>";
		};
		0BAFB9292B50ACFD00414AB7 /* WineEatingApp */ = {
			isa = PBXGroup;
			children = (
				0BAFB92A2B50ACFD00414AB7 /* WineEatingAppApp.swift */,
				0BAFB92C2B50ACFD00414AB7 /* ContentView.swift */,
				0B5C8D4D2B5C06D200500739 /* favoris */,
				0B5636DB2B5206F700DC47BF /* detail */,
				0B5636D22B517CD700DC47BF /* liste */,
				0BAFB9382B50B25300414AB7 /* home */,
				0BAFB92E2B50ACFE00414AB7 /* Assets.xcassets */,
				0BAFB93D2B50C71C00414AB7 /* model */,
				0BAFB9302B50ACFE00414AB7 /* Preview Content */,
			);
			path = WineEatingApp;
			sourceTree = "<group>";
		};
		0BAFB9302B50ACFE00414AB7 /* Preview Content */ = {
			isa = PBXGroup;
			children = (
				0BAFB9312B50ACFE00414AB7 /* Preview Assets.xcassets */,
			);
			path = "Preview Content";
			sourceTree = "<group>";
		};
		0BAFB9382B50B25300414AB7 /* home */ = {
			isa = PBXGroup;
			children = (
				0BAFB93B2B50B28800414AB7 /* home.swift */,
			);
			path = home;
			sourceTree = "<group>";
		};
		0BAFB93D2B50C71C00414AB7 /* model */ = {
			isa = PBXGroup;
			children = (
				0BAFB93E2B50C74400414AB7 /* CardPlateType.swift */,
				0B5636D52B519D1600DC47BF /* Wine.swift */,
			);
			path = model;
			sourceTree = "<group>";
		};
/* End PBXGroup section */

/* Begin PBXNativeTarget section */
		0BAFB9262B50ACFD00414AB7 /* WineEatingApp */ = {
			isa = PBXNativeTarget;
			buildConfigurationList = 0BAFB9352B50ACFE00414AB7 /* Build configuration list for PBXNativeTarget "WineEatingApp" */;
			buildPhases = (
				0BAFB9232B50ACFD00414AB7 /* Sources */,
				0BAFB9242B50ACFD00414AB7 /* Frameworks */,
				0BAFB9252B50ACFD00414AB7 /* Resources */,
			);
			buildRules = (
			);
			dependencies = (
			);
			name = WineEatingApp;
			packageProductDependencies = (
				0B5FDA202B56E67C00B81D73 /* WrappingStack */,
			);
			productName = WineEatingApp;
			productReference = 0BAFB9272B50ACFD00414AB7 /* WineEatingApp.app */;
			productType = "com.apple.product-type.application";
		};
/* End PBXNativeTarget section */

/* Begin PBXProject section */
		0BAFB91F2B50ACFD00414AB7 /* Project object */ = {
			isa = PBXProject;
			attributes = {
				BuildIndependentTargetsInParallel = 1;
				LastSwiftUpdateCheck = 1500;
				LastUpgradeCheck = 1500;
				TargetAttributes = {
					0BAFB9262B50ACFD00414AB7 = {
						CreatedOnToolsVersion = 15.0.1;
					};
				};
			};
			buildConfigurationList = 0BAFB9222B50ACFD00414AB7 /* Build configuration list for PBXProject "WineEatingApp" */;
			compatibilityVersion = "Xcode 14.0";
			developmentRegion = en;
			hasScannedForEncodings = 0;
			knownRegions = (
				en,
				Base,
			);
			mainGroup = 0BAFB91E2B50ACFD00414AB7;
			packageReferences = (
				0B5FDA1F2B56E67C00B81D73 /* XCRemoteSwiftPackageReference "swiftui-wrapping-stack" */,
			);
			productRefGroup = 0BAFB9282B50ACFD00414AB7 /* Products */;
			projectDirPath = "";
			projectRoot = "";
			targets = (
				0BAFB9262B50ACFD00414AB7 /* WineEatingApp */,
			);
		};
/* End PBXProject section */

/* Begin PBXResourcesBuildPhase section */
		0BAFB9252B50ACFD00414AB7 /* Resources */ = {
			isa = PBXResourcesBuildPhase;
			buildActionMask = 2147483647;
			files = (
				0BAFB9322B50ACFE00414AB7 /* Preview Assets.xcassets in Resources */,
				0BAFB92F2B50ACFE00414AB7 /* Assets.xcassets in Resources */,
			);
			runOnlyForDeploymentPostprocessing = 0;
		};
/* End PBXResourcesBuildPhase section */

/* Begin PBXSourcesBuildPhase section */
		0BAFB9232B50ACFD00414AB7 /* Sources */ = {
			isa = PBXSourcesBuildPhase;
			buildActionMask = 2147483647;
			files = (
				0BAFB93F2B50C74400414AB7 /* CardPlateType.swift in Sources */,
				0BAFB93C2B50B28800414AB7 /* home.swift in Sources */,
				0B5636D62B519D1600DC47BF /* Wine.swift in Sources */,
				0B5636DD2B54265E00DC47BF /* WineList2.swift in Sources */,
				0B5636D42B517CEF00DC47BF /* WineList.swift in Sources */,
				0B5636DA2B51FCB400DC47BF /* WineDetails.swift in Sources */,
				0B5C8D4F2B5C06EA00500739 /* FavorisView.swift in Sources */,
				0BAFB92D2B50ACFD00414AB7 /* ContentView.swift in Sources */,
				0BAFB92B2B50ACFD00414AB7 /* WineEatingAppApp.swift in Sources */,
			);
			runOnlyForDeploymentPostprocessing = 0;
		};
/* End PBXSourcesBuildPhase section */

/* Begin XCBuildConfiguration section */
		0BAFB9332B50ACFE00414AB7 /* Debug */ = {
			isa = XCBuildConfiguration;
			buildSettings = {
				ALWAYS_SEARCH_USER_PATHS = NO;
				ASSETCATALOG_COMPILER_GENERATE_SWIFT_ASSET_SYMBOL_EXTENSIONS = YES;
				CLANG_ANALYZER_NONNULL = YES;
				CLANG_ANALYZER_NUMBER_OBJECT_CONVERSION = YES_AGGRESSIVE;
				CLANG_CXX_LANGUAGE_STANDARD = "gnu++20";
				CLANG_ENABLE_MODULES = YES;
				CLANG_ENABLE_OBJC_ARC = YES;
				CLANG_ENABLE_OBJC_WEAK = YES;
				CLANG_WARN_BLOCK_CAPTURE_AUTORELEASING = YES;
				CLANG_WARN_BOOL_CONVERSION = YES;
				CLANG_WARN_COMMA = YES;
				CLANG_WARN_CONSTANT_CONVERSION = YES;
				CLANG_WARN_DEPRECATED_OBJC_IMPLEMENTATIONS = YES;
				CLANG_WARN_DIRECT_OBJC_ISA_USAGE = YES_ERROR;
				CLANG_WARN_DOCUMENTATION_COMMENTS = YES;
				CLANG_WARN_EMPTY_BODY = YES;
				CLANG_WARN_ENUM_CONVERSION = YES;
				CLANG_WARN_INFINITE_RECURSION = YES;
				CLANG_WARN_INT_CONVERSION = YES;
				CLANG_WARN_NON_LITERAL_NULL_CONVERSION = YES;
				CLANG_WARN_OBJC_IMPLICIT_RETAIN_SELF = YES;
				CLANG_WARN_OBJC_LITERAL_CONVERSION = YES;
				CLANG_WARN_OBJC_ROOT_CLASS = YES_ERROR;
				CLANG_WARN_QUOTED_INCLUDE_IN_FRAMEWORK_HEADER = YES;
				CLANG_WARN_RANGE_LOOP_ANALYSIS = YES;
				CLANG_WARN_STRICT_PROTOTYPES = YES;
				CLANG_WARN_SUSPICIOUS_MOVE = YES;
				CLANG_WARN_UNGUARDED_AVAILABILITY = YES_AGGRESSIVE;
				CLANG_WARN_UNREACHABLE_CODE = YES;
				CLANG_WARN__DUPLICATE_METHOD_MATCH = YES;
				COPY_PHASE_STRIP = NO;
				DEBUG_INFORMATION_FORMAT = dwarf;
				ENABLE_STRICT_OBJC_MSGSEND = YES;
				ENABLE_TESTABILITY = YES;
				ENABLE_USER_SCRIPT_SANDBOXING = YES;
				GCC_C_LANGUAGE_STANDARD = gnu17;
				GCC_DYNAMIC_NO_PIC = NO;
				GCC_NO_COMMON_BLOCKS = YES;
				GCC_OPTIMIZATION_LEVEL = 0;
				GCC_PREPROCESSOR_DEFINITIONS = (
					"DEBUG=1",
					"$(inherited)",
				);
				GCC_WARN_64_TO_32_BIT_CONVERSION = YES;
				GCC_WARN_ABOUT_RETURN_TYPE = YES_ERROR;
				GCC_WARN_UNDECLARED_SELECTOR = YES;
				GCC_WARN_UNINITIALIZED_AUTOS = YES_AGGRESSIVE;
				GCC_WARN_UNUSED_FUNCTION = YES;
				GCC_WARN_UNUSED_VARIABLE = YES;
				IPHONEOS_DEPLOYMENT_TARGET = 17.0;
				LOCALIZATION_PREFERS_STRING_CATALOGS = YES;
				MTL_ENABLE_DEBUG_INFO = INCLUDE_SOURCE;
				MTL_FAST_MATH = YES;
				ONLY_ACTIVE_ARCH = YES;
				SDKROOT = iphoneos;
				SWIFT_ACTIVE_COMPILATION_CONDITIONS = "DEBUG $(inherited)";
				SWIFT_OPTIMIZATION_LEVEL = "-Onone";
			};
			name = Debug;
		};
		0BAFB9342B50ACFE00414AB7 /* Release */ = {
			isa = XCBuildConfiguration;
			buildSettings = {
				ALWAYS_SEARCH_USER_PATHS = NO;
				ASSETCATALOG_COMPILER_GENERATE_SWIFT_ASSET_SYMBOL_EXTENSIONS = YES;
				CLANG_ANALYZER_NONNULL = YES;
				CLANG_ANALYZER_NUMBER_OBJECT_CONVERSION = YES_AGGRESSIVE;
				CLANG_CXX_LANGUAGE_STANDARD = "gnu++20";
				CLANG_ENABLE_MODULES = YES;
				CLANG_ENABLE_OBJC_ARC = YES;
				CLANG_ENABLE_OBJC_WEAK = YES;
				CLANG_WARN_BLOCK_CAPTURE_AUTORELEASING = YES;
				CLANG_WARN_BOOL_CONVERSION = YES;
				CLANG_WARN_COMMA = YES;
				CLANG_WARN_CONSTANT_CONVERSION = YES;
				CLANG_WARN_DEPRECATED_OBJC_IMPLEMENTATIONS = YES;
				CLANG_WARN_DIRECT_OBJC_ISA_USAGE = YES_ERROR;
				CLANG_WARN_DOCUMENTATION_COMMENTS = YES;
				CLANG_WARN_EMPTY_BODY = YES;
				CLANG_WARN_ENUM_CONVERSION = YES;
				CLANG_WARN_INFINITE_RECURSION = YES;
				CLANG_WARN_INT_CONVERSION = YES;
				CLANG_WARN_NON_LITERAL_NULL_CONVERSION = YES;
				CLANG_WARN_OBJC_IMPLICIT_RETAIN_SELF = YES;
				CLANG_WARN_OBJC_LITERAL_CONVERSION = YES;
				CLANG_WARN_OBJC_ROOT_CLASS = YES_ERROR;
				CLANG_WARN_QUOTED_INCLUDE_IN_FRAMEWORK_HEADER = YES;
				CLANG_WARN_RANGE_LOOP_ANALYSIS = YES;
				CLANG_WARN_STRICT_PROTOTYPES = YES;
				CLANG_WARN_SUSPICIOUS_MOVE = YES;
				CLANG_WARN_UNGUARDED_AVAILABILITY = YES_AGGRESSIVE;
				CLANG_WARN_UNREACHABLE_CODE = YES;
				CLANG_WARN__DUPLICATE_METHOD_MATCH = YES;
				COPY_PHASE_STRIP = NO;
				DEBUG_INFORMATION_FORMAT = "dwarf-with-dsym";
				ENABLE_NS_ASSERTIONS = NO;
				ENABLE_STRICT_OBJC_MSGSEND = YES;
				ENABLE_USER_SCRIPT_SANDBOXING = YES;
				GCC_C_LANGUAGE_STANDARD = gnu17;
				GCC_NO_COMMON_BLOCKS = YES;
				GCC_WARN_64_TO_32_BIT_CONVERSION = YES;
				GCC_WARN_ABOUT_RETURN_TYPE = YES_ERROR;
				GCC_WARN_UNDECLARED_SELECTOR = YES;
				GCC_WARN_UNINITIALIZED_AUTOS = YES_AGGRESSIVE;
				GCC_WARN_UNUSED_FUNCTION = YES;
				GCC_WARN_UNUSED_VARIABLE = YES;
				IPHONEOS_DEPLOYMENT_TARGET = 17.0;
				LOCALIZATION_PREFERS_STRING_CATALOGS = YES;
				MTL_ENABLE_DEBUG_INFO = NO;
				MTL_FAST_MATH = YES;
				SDKROOT = iphoneos;
				SWIFT_COMPILATION_MODE = wholemodule;
				VALIDATE_PRODUCT = YES;
			};
			name = Release;
		};
		0BAFB9362B50ACFE00414AB7 /* Debug */ = {
			isa = XCBuildConfiguration;
			buildSettings = {
				ASSETCATALOG_COMPILER_APPICON_NAME = AppIcon;
				ASSETCATALOG_COMPILER_GLOBAL_ACCENT_COLOR_NAME = AccentColor;
				CODE_SIGN_STYLE = Automatic;
				CURRENT_PROJECT_VERSION = 1;
				DEVELOPMENT_ASSET_PATHS = "\"WineEatingApp/Preview Content\"";
				DEVELOPMENT_TEAM = R2UKV9YNAQ;
				ENABLE_PREVIEWS = YES;
				GENERATE_INFOPLIST_FILE = YES;
				INFOPLIST_KEY_UIApplicationSceneManifest_Generation = YES;
				INFOPLIST_KEY_UIApplicationSupportsIndirectInputEvents = YES;
				INFOPLIST_KEY_UILaunchScreen_Generation = YES;
				INFOPLIST_KEY_UISupportedInterfaceOrientations_iPad = "UIInterfaceOrientationPortrait UIInterfaceOrientationPortraitUpsideDown UIInterfaceOrientationLandscapeLeft UIInterfaceOrientationLandscapeRight";
				INFOPLIST_KEY_UISupportedInterfaceOrientations_iPhone = "UIInterfaceOrientationPortrait UIInterfaceOrientationLandscapeLeft UIInterfaceOrientationLandscapeRight";
				LD_RUNPATH_SEARCH_PATHS = (
					"$(inherited)",
					"@executable_path/Frameworks",
				);
				MARKETING_VERSION = 1.0;
				PRODUCT_BUNDLE_IDENTIFIER = com.justy.WineEatingApp;
				PRODUCT_NAME = "$(TARGET_NAME)";
				SWIFT_EMIT_LOC_STRINGS = YES;
				SWIFT_VERSION = 5.0;
				TARGETED_DEVICE_FAMILY = "1,2";
			};
			name = Debug;
		};
		0BAFB9372B50ACFE00414AB7 /* Release */ = {
			isa = XCBuildConfiguration;
			buildSettings = {
				ASSETCATALOG_COMPILER_APPICON_NAME = AppIcon;
				ASSETCATALOG_COMPILER_GLOBAL_ACCENT_COLOR_NAME = AccentColor;
				CODE_SIGN_STYLE = Automatic;
				CURRENT_PROJECT_VERSION = 1;
				DEVELOPMENT_ASSET_PATHS = "\"WineEatingApp/Preview Content\"";
				DEVELOPMENT_TEAM = R2UKV9YNAQ;
				ENABLE_PREVIEWS = YES;
				GENERATE_INFOPLIST_FILE = YES;
				INFOPLIST_KEY_UIApplicationSceneManifest_Generation = YES;
				INFOPLIST_KEY_UIApplicationSupportsIndirectInputEvents = YES;
				INFOPLIST_KEY_UILaunchScreen_Generation = YES;
				INFOPLIST_KEY_UISupportedInterfaceOrientations_iPad = "UIInterfaceOrientationPortrait UIInterfaceOrientationPortraitUpsideDown UIInterfaceOrientationLandscapeLeft UIInterfaceOrientationLandscapeRight";
				INFOPLIST_KEY_UISupportedInterfaceOrientations_iPhone = "UIInterfaceOrientationPortrait UIInterfaceOrientationLandscapeLeft UIInterfaceOrientationLandscapeRight";
				LD_RUNPATH_SEARCH_PATHS = (
					"$(inherited)",
					"@executable_path/Frameworks",
				);
				MARKETING_VERSION = 1.0;
				PRODUCT_BUNDLE_IDENTIFIER = com.justy.WineEatingApp;
				PRODUCT_NAME = "$(TARGET_NAME)";
				SWIFT_EMIT_LOC_STRINGS = YES;
				SWIFT_VERSION = 5.0;
				TARGETED_DEVICE_FAMILY = "1,2";
			};
			name = Release;
		};
/* End XCBuildConfiguration section */

/* Begin XCConfigurationList section */
		0BAFB9222B50ACFD00414AB7 /* Build configuration list for PBXProject "WineEatingApp" */ = {
			isa = XCConfigurationList;
			buildConfigurations = (
				0BAFB9332B50ACFE00414AB7 /* Debug */,
				0BAFB9342B50ACFE00414AB7 /* Release */,
			);
			defaultConfigurationIsVisible = 0;
			defaultConfigurationName = Release;
		};
		0BAFB9352B50ACFE00414AB7 /* Build configuration list for PBXNativeTarget "WineEatingApp" */ = {
			isa = XCConfigurationList;
			buildConfigurations = (
				0BAFB9362B50ACFE00414AB7 /* Debug */,
				0BAFB9372B50ACFE00414AB7 /* Release */,
			);
			defaultConfigurationIsVisible = 0;
			defaultConfigurationName = Release;
		};
/* End XCConfigurationList section */

/* Begin XCRemoteSwiftPackageReference section */
		0B5FDA1F2B56E67C00B81D73 /* XCRemoteSwiftPackageReference "swiftui-wrapping-stack" */ = {
			isa = XCRemoteSwiftPackageReference;
			repositoryURL = "https://github.com/diniska/swiftui-wrapping-stack";
			requirement = {
				kind = upToNextMajorVersion;
				minimumVersion = 1.1.0;
			};
		};
/* End XCRemoteSwiftPackageReference section */

/* Begin XCSwiftPackageProductDependency section */
		0B5FDA202B56E67C00B81D73 /* WrappingStack */ = {
			isa = XCSwiftPackageProductDependency;
			package = 0B5FDA1F2B56E67C00B81D73 /* XCRemoteSwiftPackageReference "swiftui-wrapping-stack" */;
			productName = WrappingStack;
		};
/* End XCSwiftPackageProductDependency section */
	};
	rootObject = 0BAFB91F2B50ACFD00414AB7 /* Project object */;
}
